
Microsoft Visual Studio Solution File, Format Version 12.00
# Visual Studio Version 16
VisualStudioVersion = 16.0.31019.35
MinimumVisualStudioVersion = 10.0.40219.1
Project("{FAE04EC0-301F-11D3-BF4B-00C04F79EFBC}") = "99dan", "99dan\99dan.csproj", "{AE01F205-A1EE-43E2-A677-76484B0B4E26}"
EndProject
Global
	GlobalSection(SolutionConfigurationPlatforms) = preSolution
		Debug|Any CPU = Debug|Any CPU
		Release|Any CPU = Release|Any CPU
	EndGlobalSection
	GlobalSection(ProjectConfigurationPlatforms) = postSolution
		{AE01F205-A1EE-43E2-A677-76484B0B4E26}.Debug|Any CPU.ActiveCfg = Debug|Any CPU
		{AE01F205-A1EE-43E2-A677-76484B0B4E26}.Debug|Any CPU.Build.0 = Debug|Any CPU
		{AE01F205-A1EE-43E2-A677-76484B0B4E26}.Release|Any CPU.ActiveCfg = Release|Any CPU
		{AE01F205-A1EE-43E2-A677-76484B0B4E26}.Release|Any CPU.Build.0 = Release|Any CPU
	EndGlobalSection
	GlobalSection(SolutionProperties) = preSolution
		HideSolutionNode = FALSE
	EndGlobalSection
	GlobalSection(ExtensibilityGlobals) = postSolution
		SolutionGuid = {0FAB9378-2089-4C34-9AB8-812185B70BF5}
	EndGlobalSection
EndGlobal
