
Microsoft Visual Studio Solution File, Format Version 12.00
# Visual Studio Version 16
VisualStudioVersion = 16.0.31019.35
MinimumVisualStudioVersion = 10.0.40219.1
Project("{FAE04EC0-301F-11D3-BF4B-00C04F79EFBC}") = "예제", "예제\예제.csproj", "{CE365B29-346D-4EF2-B74E-57E21E61A696}"
EndProject
Global
	GlobalSection(SolutionConfigurationPlatforms) = preSolution
		Debug|Any CPU = Debug|Any CPU
		Release|Any CPU = Release|Any CPU
	EndGlobalSection
	GlobalSection(ProjectConfigurationPlatforms) = postSolution
		{CE365B29-346D-4EF2-B74E-57E21E61A696}.Debug|Any CPU.ActiveCfg = Debug|Any CPU
		{CE365B29-346D-4EF2-B74E-57E21E61A696}.Debug|Any CPU.Build.0 = Debug|Any CPU
		{CE365B29-346D-4EF2-B74E-57E21E61A696}.Release|Any CPU.ActiveCfg = Release|Any CPU
		{CE365B29-346D-4EF2-B74E-57E21E61A696}.Release|Any CPU.Build.0 = Release|Any CPU
	EndGlobalSection
	GlobalSection(SolutionProperties) = preSolution
		HideSolutionNode = FALSE
	EndGlobalSection
	GlobalSection(ExtensibilityGlobals) = postSolution
		SolutionGuid = {C46840D9-B1B1-46B4-8811-C653A988AEF2}
	EndGlobalSection
EndGlobal
