
Microsoft Visual Studio Solution File, Format Version 12.00
# Visual Studio Version 16
VisualStudioVersion = 16.0.31105.61
MinimumVisualStudioVersion = 10.0.40219.1
Project("{FAE04EC0-301F-11D3-BF4B-00C04F79EFBC}") = "StopWatch", "DynamicButton\StopWatch.csproj", "{389C11EE-4DEA-4D5A-9974-FEE7B7262E26}"
EndProject
Global
	GlobalSection(SolutionConfigurationPlatforms) = preSolution
		Debug|Any CPU = Debug|Any CPU
		Release|Any CPU = Release|Any CPU
	EndGlobalSection
	GlobalSection(ProjectConfigurationPlatforms) = postSolution
		{389C11EE-4DEA-4D5A-9974-FEE7B7262E26}.Debug|Any CPU.ActiveCfg = Debug|Any CPU
		{389C11EE-4DEA-4D5A-9974-FEE7B7262E26}.Debug|Any CPU.Build.0 = Debug|Any CPU
		{389C11EE-4DEA-4D5A-9974-FEE7B7262E26}.Release|Any CPU.ActiveCfg = Release|Any CPU
		{389C11EE-4DEA-4D5A-9974-FEE7B7262E26}.Release|Any CPU.Build.0 = Release|Any CPU
	EndGlobalSection
	GlobalSection(SolutionProperties) = preSolution
		HideSolutionNode = FALSE
	EndGlobalSection
	GlobalSection(ExtensibilityGlobals) = postSolution
		SolutionGuid = {4A9ECB61-2553-4D67-8202-D7511F19ED95}
	EndGlobalSection
EndGlobal
