
Microsoft Visual Studio Solution File, Format Version 12.00
# Visual Studio Version 16
VisualStudioVersion = 16.0.31025.194
MinimumVisualStudioVersion = 10.0.40219.1
Project("{FAE04EC0-301F-11D3-BF4B-00C04F79EFBC}") = "Juhyeon_Calc", "Juhyeon_Calc\Juhyeon_Calc.csproj", "{7167B941-09D6-4493-9164-8FC730CB20DD}"
EndProject
Global
	GlobalSection(SolutionConfigurationPlatforms) = preSolution
		Debug|Any CPU = Debug|Any CPU
		Release|Any CPU = Release|Any CPU
	EndGlobalSection
	GlobalSection(ProjectConfigurationPlatforms) = postSolution
		{7167B941-09D6-4493-9164-8FC730CB20DD}.Debug|Any CPU.ActiveCfg = Debug|Any CPU
		{7167B941-09D6-4493-9164-8FC730CB20DD}.Debug|Any CPU.Build.0 = Debug|Any CPU
		{7167B941-09D6-4493-9164-8FC730CB20DD}.Release|Any CPU.ActiveCfg = Release|Any CPU
		{7167B941-09D6-4493-9164-8FC730CB20DD}.Release|Any CPU.Build.0 = Release|Any CPU
	EndGlobalSection
	GlobalSection(SolutionProperties) = preSolution
		HideSolutionNode = FALSE
	EndGlobalSection
	GlobalSection(ExtensibilityGlobals) = postSolution
		SolutionGuid = {D97EBABD-08DE-4B1E-97E4-6D0496B9068A}
	EndGlobalSection
EndGlobal
