
Microsoft Visual Studio Solution File, Format Version 12.00
# Visual Studio 15
VisualStudioVersion = 15.0.28307.1401
MinimumVisualStudioVersion = 10.0.40219.1
Project("{FAE04EC0-301F-11D3-BF4B-00C04F79EFBC}") = "BasicCalculator", "BasicCalculator\BasicCalculator.csproj", "{DA203084-D57C-461E-AF7B-E98B552B6EA0}"
EndProject
Global
	GlobalSection(SolutionConfigurationPlatforms) = preSolution
		Debug|Any CPU = Debug|Any CPU
		Release|Any CPU = Release|Any CPU
	EndGlobalSection
	GlobalSection(ProjectConfigurationPlatforms) = postSolution
		{DA203084-D57C-461E-AF7B-E98B552B6EA0}.Debug|Any CPU.ActiveCfg = Debug|Any CPU
		{DA203084-D57C-461E-AF7B-E98B552B6EA0}.Debug|Any CPU.Build.0 = Debug|Any CPU
		{DA203084-D57C-461E-AF7B-E98B552B6EA0}.Release|Any CPU.ActiveCfg = Release|Any CPU
		{DA203084-D57C-461E-AF7B-E98B552B6EA0}.Release|Any CPU.Build.0 = Release|Any CPU
	EndGlobalSection
	GlobalSection(SolutionProperties) = preSolution
		HideSolutionNode = FALSE
	EndGlobalSection
	GlobalSection(ExtensibilityGlobals) = postSolution
		SolutionGuid = {6B4FF2DD-CBBD-4E6E-9EE0-BB535CBAE0E5}
	EndGlobalSection
EndGlobal
