
Microsoft Visual Studio Solution File, Format Version 12.00
# Visual Studio Version 16
VisualStudioVersion = 16.0.31019.35
MinimumVisualStudioVersion = 10.0.40219.1
Project("{FAE04EC0-301F-11D3-BF4B-00C04F79EFBC}") = "ChartBindingTestApp", "ChartBindingTestApp\ChartBindingTestApp.csproj", "{576C38A4-16C7-4D2A-8850-3C3F31973EDE}"
EndProject
Global
	GlobalSection(SolutionConfigurationPlatforms) = preSolution
		Debug|Any CPU = Debug|Any CPU
		Release|Any CPU = Release|Any CPU
	EndGlobalSection
	GlobalSection(ProjectConfigurationPlatforms) = postSolution
		{576C38A4-16C7-4D2A-8850-3C3F31973EDE}.Debug|Any CPU.ActiveCfg = Debug|Any CPU
		{576C38A4-16C7-4D2A-8850-3C3F31973EDE}.Debug|Any CPU.Build.0 = Debug|Any CPU
		{576C38A4-16C7-4D2A-8850-3C3F31973EDE}.Release|Any CPU.ActiveCfg = Release|Any CPU
		{576C38A4-16C7-4D2A-8850-3C3F31973EDE}.Release|Any CPU.Build.0 = Release|Any CPU
	EndGlobalSection
	GlobalSection(SolutionProperties) = preSolution
		HideSolutionNode = FALSE
	EndGlobalSection
	GlobalSection(ExtensibilityGlobals) = postSolution
		SolutionGuid = {D9C2CE80-C5DB-4891-8BB4-D0BB5108F4FC}
	EndGlobalSection
EndGlobal
