
Microsoft Visual Studio Solution File, Format Version 12.00
# Visual Studio Version 16
VisualStudioVersion = 16.0.31025.194
MinimumVisualStudioVersion = 10.0.40219.1
Project("{FAE04EC0-301F-11D3-BF4B-00C04F79EFBC}") = "StopWatchApp", "StopWatchApp\StopWatchApp.csproj", "{3AFDF0D1-9270-4BAA-8B81-52EE7166355C}"
EndProject
Global
	GlobalSection(SolutionConfigurationPlatforms) = preSolution
		Debug|Any CPU = Debug|Any CPU
		Release|Any CPU = Release|Any CPU
	EndGlobalSection
	GlobalSection(ProjectConfigurationPlatforms) = postSolution
		{3AFDF0D1-9270-4BAA-8B81-52EE7166355C}.Debug|Any CPU.ActiveCfg = Debug|Any CPU
		{3AFDF0D1-9270-4BAA-8B81-52EE7166355C}.Debug|Any CPU.Build.0 = Debug|Any CPU
		{3AFDF0D1-9270-4BAA-8B81-52EE7166355C}.Release|Any CPU.ActiveCfg = Release|Any CPU
		{3AFDF0D1-9270-4BAA-8B81-52EE7166355C}.Release|Any CPU.Build.0 = Release|Any CPU
	EndGlobalSection
	GlobalSection(SolutionProperties) = preSolution
		HideSolutionNode = FALSE
	EndGlobalSection
	GlobalSection(ExtensibilityGlobals) = postSolution
		SolutionGuid = {9E70B7A1-B6CF-4B19-A35C-E0C20A03CA08}
	EndGlobalSection
EndGlobal
