
Microsoft Visual Studio Solution File, Format Version 12.00
# Visual Studio Version 16
VisualStudioVersion = 16.0.30907.101
MinimumVisualStudioVersion = 10.0.40219.1
Project("{FAE04EC0-301F-11D3-BF4B-00C04F79EFBC}") = "0224Review-1", "0224Review\0224Review-1.csproj", "{A60960C1-4E91-43A5-A5D6-A3388DC08A8C}"
EndProject
Project("{FAE04EC0-301F-11D3-BF4B-00C04F79EFBC}") = "0224Review-2", "0224Review-2\0224Review-2.csproj", "{52AE5B87-3C09-46A0-91A7-96903613CE33}"
EndProject
Project("{FAE04EC0-301F-11D3-BF4B-00C04F79EFBC}") = "0224Review-3", "0224Review-3\0224Review-3.csproj", "{81C9552F-8FE6-4343-B6A7-09400E41FA0E}"
EndProject
Global
	GlobalSection(SolutionConfigurationPlatforms) = preSolution
		Debug|Any CPU = Debug|Any CPU
		Release|Any CPU = Release|Any CPU
	EndGlobalSection
	GlobalSection(ProjectConfigurationPlatforms) = postSolution
		{A60960C1-4E91-43A5-A5D6-A3388DC08A8C}.Debug|Any CPU.ActiveCfg = Debug|Any CPU
		{A60960C1-4E91-43A5-A5D6-A3388DC08A8C}.Debug|Any CPU.Build.0 = Debug|Any CPU
		{A60960C1-4E91-43A5-A5D6-A3388DC08A8C}.Release|Any CPU.ActiveCfg = Release|Any CPU
		{A60960C1-4E91-43A5-A5D6-A3388DC08A8C}.Release|Any CPU.Build.0 = Release|Any CPU
		{52AE5B87-3C09-46A0-91A7-96903613CE33}.Debug|Any CPU.ActiveCfg = Debug|Any CPU
		{52AE5B87-3C09-46A0-91A7-96903613CE33}.Debug|Any CPU.Build.0 = Debug|Any CPU
		{52AE5B87-3C09-46A0-91A7-96903613CE33}.Release|Any CPU.ActiveCfg = Release|Any CPU
		{52AE5B87-3C09-46A0-91A7-96903613CE33}.Release|Any CPU.Build.0 = Release|Any CPU
		{81C9552F-8FE6-4343-B6A7-09400E41FA0E}.Debug|Any CPU.ActiveCfg = Debug|Any CPU
		{81C9552F-8FE6-4343-B6A7-09400E41FA0E}.Debug|Any CPU.Build.0 = Debug|Any CPU
		{81C9552F-8FE6-4343-B6A7-09400E41FA0E}.Release|Any CPU.ActiveCfg = Release|Any CPU
		{81C9552F-8FE6-4343-B6A7-09400E41FA0E}.Release|Any CPU.Build.0 = Release|Any CPU
	EndGlobalSection
	GlobalSection(SolutionProperties) = preSolution
		HideSolutionNode = FALSE
	EndGlobalSection
	GlobalSection(ExtensibilityGlobals) = postSolution
		SolutionGuid = {6EE395EB-4DFD-4836-87C9-F6805E6D878C}
	EndGlobalSection
EndGlobal
