
Microsoft Visual Studio Solution File, Format Version 12.00
# Visual Studio Version 16
VisualStudioVersion = 16.0.31025.194
MinimumVisualStudioVersion = 10.0.40219.1
Project("{FAE04EC0-301F-11D3-BF4B-00C04F79EFBC}") = "ConfirmedCasesByRegion", "ConfirmedCasesByRegion\ConfirmedCasesByRegion.csproj", "{1F1F6FBA-DF7B-4991-9D3C-FF653A6FAEFF}"
EndProject
Global
	GlobalSection(SolutionConfigurationPlatforms) = preSolution
		Debug|Any CPU = Debug|Any CPU
		Release|Any CPU = Release|Any CPU
	EndGlobalSection
	GlobalSection(ProjectConfigurationPlatforms) = postSolution
		{1F1F6FBA-DF7B-4991-9D3C-FF653A6FAEFF}.Debug|Any CPU.ActiveCfg = Debug|Any CPU
		{1F1F6FBA-DF7B-4991-9D3C-FF653A6FAEFF}.Debug|Any CPU.Build.0 = Debug|Any CPU
		{1F1F6FBA-DF7B-4991-9D3C-FF653A6FAEFF}.Release|Any CPU.ActiveCfg = Release|Any CPU
		{1F1F6FBA-DF7B-4991-9D3C-FF653A6FAEFF}.Release|Any CPU.Build.0 = Release|Any CPU
	EndGlobalSection
	GlobalSection(SolutionProperties) = preSolution
		HideSolutionNode = FALSE
	EndGlobalSection
	GlobalSection(ExtensibilityGlobals) = postSolution
		SolutionGuid = {8CB5BD17-8032-482E-A510-C233561E2CD6}
	EndGlobalSection
EndGlobal
