
Microsoft Visual Studio Solution File, Format Version 12.00
# Visual Studio Version 16
VisualStudioVersion = 16.0.31019.35
MinimumVisualStudioVersion = 10.0.40219.1
Project("{FAE04EC0-301F-11D3-BF4B-00C04F79EFBC}") = "0226Example", "0226Example.csproj", "{F8416260-E527-4D90-BFD1-8E0655D46B64}"
EndProject
Global
	GlobalSection(SolutionConfigurationPlatforms) = preSolution
		Debug|Any CPU = Debug|Any CPU
		Release|Any CPU = Release|Any CPU
	EndGlobalSection
	GlobalSection(ProjectConfigurationPlatforms) = postSolution
		{F8416260-E527-4D90-BFD1-8E0655D46B64}.Debug|Any CPU.ActiveCfg = Debug|Any CPU
		{F8416260-E527-4D90-BFD1-8E0655D46B64}.Debug|Any CPU.Build.0 = Debug|Any CPU
		{F8416260-E527-4D90-BFD1-8E0655D46B64}.Release|Any CPU.ActiveCfg = Release|Any CPU
		{F8416260-E527-4D90-BFD1-8E0655D46B64}.Release|Any CPU.Build.0 = Release|Any CPU
	EndGlobalSection
	GlobalSection(SolutionProperties) = preSolution
		HideSolutionNode = FALSE
	EndGlobalSection
	GlobalSection(ExtensibilityGlobals) = postSolution
		SolutionGuid = {7CD2030E-1946-4F8B-9CAA-CCBFC1BF98C8}
	EndGlobalSection
EndGlobal
